
Microsoft Visual Studio Solution File, Format Version 12.00
# Visual Studio Version 16
VisualStudioVersion = 16.0.29911.84
MinimumVisualStudioVersion = 10.0.40219.1
Project("{FAE04EC0-301F-11D3-BF4B-00C04F79EFBC}") = "MahaWiki", "MahaWiki.csproj", "{64D366A6-469B-4D8E-AA5B-0F3E57807D5F}"
EndProject
Global
	GlobalSection(SolutionConfigurationPlatforms) = preSolution
		Debug|Any CPU = Debug|Any CPU
		Release|Any CPU = Release|Any CPU
	EndGlobalSection
	GlobalSection(ProjectConfigurationPlatforms) = postSolution
		{64D366A6-469B-4D8E-AA5B-0F3E57807D5F}.Debug|Any CPU.ActiveCfg = Debug|Any CPU
		{64D366A6-469B-4D8E-AA5B-0F3E57807D5F}.Debug|Any CPU.Build.0 = Debug|Any CPU
		{64D366A6-469B-4D8E-AA5B-0F3E57807D5F}.Debug|Any CPU.Deploy.0 = Debug|Any CPU
		{64D366A6-469B-4D8E-AA5B-0F3E57807D5F}.Release|Any CPU.ActiveCfg = Release|Any CPU
		{64D366A6-469B-4D8E-AA5B-0F3E57807D5F}.Release|Any CPU.Build.0 = Release|Any CPU
		{64D366A6-469B-4D8E-AA5B-0F3E57807D5F}.Release|Any CPU.Deploy.0 = Release|Any CPU
	EndGlobalSection
	GlobalSection(SolutionProperties) = preSolution
		HideSolutionNode = FALSE
	EndGlobalSection
	GlobalSection(ExtensibilityGlobals) = postSolution
		SolutionGuid = {2E70E764-ED1E-45E9-BF46-7DDE7AB30F17}
	EndGlobalSection
EndGlobal
